
Microsoft Visual Studio Solution File, Format Version 12.00
# Visual Studio Version 17
VisualStudioVersion = 17.6.33815.320
MinimumVisualStudioVersion = 10.0.40219.1
Project("{FAE04EC0-301F-11D3-BF4B-00C04F79EFBC}") = "EB_Run", "EB_Run\EB_Run.csproj", "{5EE4CB70-9BDC-490F-B841-C9E618D0D7F3}"
EndProject
Global
	GlobalSection(SolutionConfigurationPlatforms) = preSolution
		Debug|Any CPU = Debug|Any CPU
		Release|Any CPU = Release|Any CPU
	EndGlobalSection
	GlobalSection(ProjectConfigurationPlatforms) = postSolution
		{5EE4CB70-9BDC-490F-B841-C9E618D0D7F3}.Debug|Any CPU.ActiveCfg = Debug|Any CPU
		{5EE4CB70-9BDC-490F-B841-C9E618D0D7F3}.Debug|Any CPU.Build.0 = Debug|Any CPU
		{5EE4CB70-9BDC-490F-B841-C9E618D0D7F3}.Release|Any CPU.ActiveCfg = Release|Any CPU
		{5EE4CB70-9BDC-490F-B841-C9E618D0D7F3}.Release|Any CPU.Build.0 = Release|Any CPU
	EndGlobalSection
	GlobalSection(SolutionProperties) = preSolution
		HideSolutionNode = FALSE
	EndGlobalSection
	GlobalSection(ExtensibilityGlobals) = postSolution
		SolutionGuid = {E24DD1AB-6FAB-46B5-95BB-43D2F6628E39}
	EndGlobalSection
EndGlobal
